
Microsoft Visual Studio Solution File, Format Version 12.00
# Visual Studio Version 16
VisualStudioVersion = 16.0.30225.117
MinimumVisualStudioVersion = 10.0.40219.1
Project("{FAE04EC0-301F-11D3-BF4B-00C04F79EFBC}") = "AutoGenerateModel", "AutoGenerateModel\AutoGenerateModel.csproj", "{1C910EDD-BBA9-4FDB-969B-FC3A2DF15FF2}"
EndProject
Global
	GlobalSection(SolutionConfigurationPlatforms) = preSolution
		Debug|Any CPU = Debug|Any CPU
		Release|Any CPU = Release|Any CPU
	EndGlobalSection
	GlobalSection(ProjectConfigurationPlatforms) = postSolution
		{1C910EDD-BBA9-4FDB-969B-FC3A2DF15FF2}.Debug|Any CPU.ActiveCfg = Debug|Any CPU
		{1C910EDD-BBA9-4FDB-969B-FC3A2DF15FF2}.Debug|Any CPU.Build.0 = Debug|Any CPU
		{1C910EDD-BBA9-4FDB-969B-FC3A2DF15FF2}.Release|Any CPU.ActiveCfg = Release|Any CPU
		{1C910EDD-BBA9-4FDB-969B-FC3A2DF15FF2}.Release|Any CPU.Build.0 = Release|Any CPU
	EndGlobalSection
	GlobalSection(SolutionProperties) = preSolution
		HideSolutionNode = FALSE
	EndGlobalSection
	GlobalSection(ExtensibilityGlobals) = postSolution
		SolutionGuid = {106C4516-4B4F-4BD6-8EAB-280DB90F94E0}
	EndGlobalSection
EndGlobal
